
Microsoft Visual Studio Solution File, Format Version 12.00
# Visual Studio 15
VisualStudioVersion = 15.0.27130.2027
MinimumVisualStudioVersion = 10.0.40219.1
Project("{FAE04EC0-301F-11D3-BF4B-00C04F79EFBC}") = "AdministraciónURL", "AdministraciónURL\AdministraciónURL.csproj", "{B7B85174-F1A0-4D2A-9C7E-09374A8D5106}"
EndProject
Project("{FAE04EC0-301F-11D3-BF4B-00C04F79EFBC}") = "ActualizacionURLDaemon", "ActualizacionURLDaemon\ActualizacionURLDaemon.csproj", "{9D390008-60CC-4DC7-B3A6-981EC54B37AF}"
EndProject
Project("{FAE04EC0-301F-11D3-BF4B-00C04F79EFBC}") = "ProcesoInformaciónAPF", "ProcesoInformaciónAPF\ProcesoInformaciónAPF.csproj", "{81FFB524-5BBD-440E-8CEE-0CBE9D854F4E}"
EndProject
Project("{FAE04EC0-301F-11D3-BF4B-00C04F79EFBC}") = "detecciónEventos", "detecciónEventos\detecciónEventos.csproj", "{5E7C0929-87EE-445E-850D-B07EF6A85945}"
EndProject
Project("{FAE04EC0-301F-11D3-BF4B-00C04F79EFBC}") = "Utility.ModifyRegistry", "Utility.ModifyRegistry\Utility.ModifyRegistry.csproj", "{74AF6E12-F946-445E-9C0D-78E1A6C013DF}"
EndProject
Project("{FAE04EC0-301F-11D3-BF4B-00C04F79EFBC}") = "PruebaModifRegistry", "PruebaModifRegistry\PruebaModifRegistry.csproj", "{AF00C509-6361-4F78-87A4-A099B6C410C7}"
EndProject
Project("{FAE04EC0-301F-11D3-BF4B-00C04F79EFBC}") = "Globales", "Globales\Globales.csproj", "{28BC943D-EF6A-4957-8DB8-A355C6C11A45}"
EndProject
Project("{FAE04EC0-301F-11D3-BF4B-00C04F79EFBC}") = "RegexExamples", "RegexExamples\RegexExamples.csproj", "{B8DB3A73-08DB-4352-B783-B68F173EAE77}"
EndProject
Project("{FAE04EC0-301F-11D3-BF4B-00C04F79EFBC}") = "RegexParticular", "RegexParticular\RegexParticular.csproj", "{97CE773F-C44A-4749-ACAA-19F560CB3F0D}"
EndProject
Project("{FAE04EC0-301F-11D3-BF4B-00C04F79EFBC}") = "Utility.Escape", "Utility.EscapeChars\Utility.Escape.csproj", "{5216F88B-3834-4776-93A1-80D767B10947}"
EndProject
Project("{FAE04EC0-301F-11D3-BF4B-00C04F79EFBC}") = "WriteToFile", "WriteToFile\WriteToFile.csproj", "{F3CA1D41-D634-40F8-972F-75FB09C64574}"
EndProject
Project("{FAE04EC0-301F-11D3-BF4B-00C04F79EFBC}") = "RegExPatternMatching", "RegExPatternMatching\RegExPatternMatching.csproj", "{7E56EBD2-76D2-45B1-B75C-73FC48D84FC9}"
EndProject
Global
	GlobalSection(SolutionConfigurationPlatforms) = preSolution
		Debug|Any CPU = Debug|Any CPU
		Debug|ARM = Debug|ARM
		Debug|x64 = Debug|x64
		Debug|x86 = Debug|x86
		Release|Any CPU = Release|Any CPU
		Release|ARM = Release|ARM
		Release|x64 = Release|x64
		Release|x86 = Release|x86
	EndGlobalSection
	GlobalSection(ProjectConfigurationPlatforms) = postSolution
		{B7B85174-F1A0-4D2A-9C7E-09374A8D5106}.Debug|Any CPU.ActiveCfg = Debug|Any CPU
		{B7B85174-F1A0-4D2A-9C7E-09374A8D5106}.Debug|Any CPU.Build.0 = Debug|Any CPU
		{B7B85174-F1A0-4D2A-9C7E-09374A8D5106}.Debug|ARM.ActiveCfg = Debug|Any CPU
		{B7B85174-F1A0-4D2A-9C7E-09374A8D5106}.Debug|ARM.Build.0 = Debug|Any CPU
		{B7B85174-F1A0-4D2A-9C7E-09374A8D5106}.Debug|x64.ActiveCfg = Debug|Any CPU
		{B7B85174-F1A0-4D2A-9C7E-09374A8D5106}.Debug|x64.Build.0 = Debug|Any CPU
		{B7B85174-F1A0-4D2A-9C7E-09374A8D5106}.Debug|x86.ActiveCfg = Debug|Any CPU
		{B7B85174-F1A0-4D2A-9C7E-09374A8D5106}.Debug|x86.Build.0 = Debug|Any CPU
		{B7B85174-F1A0-4D2A-9C7E-09374A8D5106}.Release|Any CPU.ActiveCfg = Release|Any CPU
		{B7B85174-F1A0-4D2A-9C7E-09374A8D5106}.Release|Any CPU.Build.0 = Release|Any CPU
		{B7B85174-F1A0-4D2A-9C7E-09374A8D5106}.Release|ARM.ActiveCfg = Release|Any CPU
		{B7B85174-F1A0-4D2A-9C7E-09374A8D5106}.Release|ARM.Build.0 = Release|Any CPU
		{B7B85174-F1A0-4D2A-9C7E-09374A8D5106}.Release|x64.ActiveCfg = Release|Any CPU
		{B7B85174-F1A0-4D2A-9C7E-09374A8D5106}.Release|x64.Build.0 = Release|Any CPU
		{B7B85174-F1A0-4D2A-9C7E-09374A8D5106}.Release|x86.ActiveCfg = Release|Any CPU
		{B7B85174-F1A0-4D2A-9C7E-09374A8D5106}.Release|x86.Build.0 = Release|Any CPU
		{9D390008-60CC-4DC7-B3A6-981EC54B37AF}.Debug|Any CPU.ActiveCfg = Debug|Any CPU
		{9D390008-60CC-4DC7-B3A6-981EC54B37AF}.Debug|Any CPU.Build.0 = Debug|Any CPU
		{9D390008-60CC-4DC7-B3A6-981EC54B37AF}.Debug|ARM.ActiveCfg = Debug|Any CPU
		{9D390008-60CC-4DC7-B3A6-981EC54B37AF}.Debug|ARM.Build.0 = Debug|Any CPU
		{9D390008-60CC-4DC7-B3A6-981EC54B37AF}.Debug|x64.ActiveCfg = Debug|Any CPU
		{9D390008-60CC-4DC7-B3A6-981EC54B37AF}.Debug|x64.Build.0 = Debug|Any CPU
		{9D390008-60CC-4DC7-B3A6-981EC54B37AF}.Debug|x86.ActiveCfg = Debug|Any CPU
		{9D390008-60CC-4DC7-B3A6-981EC54B37AF}.Debug|x86.Build.0 = Debug|Any CPU
		{9D390008-60CC-4DC7-B3A6-981EC54B37AF}.Release|Any CPU.ActiveCfg = Release|Any CPU
		{9D390008-60CC-4DC7-B3A6-981EC54B37AF}.Release|Any CPU.Build.0 = Release|Any CPU
		{9D390008-60CC-4DC7-B3A6-981EC54B37AF}.Release|ARM.ActiveCfg = Release|Any CPU
		{9D390008-60CC-4DC7-B3A6-981EC54B37AF}.Release|ARM.Build.0 = Release|Any CPU
		{9D390008-60CC-4DC7-B3A6-981EC54B37AF}.Release|x64.ActiveCfg = Release|Any CPU
		{9D390008-60CC-4DC7-B3A6-981EC54B37AF}.Release|x64.Build.0 = Release|Any CPU
		{9D390008-60CC-4DC7-B3A6-981EC54B37AF}.Release|x86.ActiveCfg = Release|Any CPU
		{9D390008-60CC-4DC7-B3A6-981EC54B37AF}.Release|x86.Build.0 = Release|Any CPU
		{81FFB524-5BBD-440E-8CEE-0CBE9D854F4E}.Debug|Any CPU.ActiveCfg = Debug|Any CPU
		{81FFB524-5BBD-440E-8CEE-0CBE9D854F4E}.Debug|Any CPU.Build.0 = Debug|Any CPU
		{81FFB524-5BBD-440E-8CEE-0CBE9D854F4E}.Debug|ARM.ActiveCfg = Debug|Any CPU
		{81FFB524-5BBD-440E-8CEE-0CBE9D854F4E}.Debug|ARM.Build.0 = Debug|Any CPU
		{81FFB524-5BBD-440E-8CEE-0CBE9D854F4E}.Debug|x64.ActiveCfg = Debug|Any CPU
		{81FFB524-5BBD-440E-8CEE-0CBE9D854F4E}.Debug|x64.Build.0 = Debug|Any CPU
		{81FFB524-5BBD-440E-8CEE-0CBE9D854F4E}.Debug|x86.ActiveCfg = Debug|Any CPU
		{81FFB524-5BBD-440E-8CEE-0CBE9D854F4E}.Debug|x86.Build.0 = Debug|Any CPU
		{81FFB524-5BBD-440E-8CEE-0CBE9D854F4E}.Release|Any CPU.ActiveCfg = Release|Any CPU
		{81FFB524-5BBD-440E-8CEE-0CBE9D854F4E}.Release|Any CPU.Build.0 = Release|Any CPU
		{81FFB524-5BBD-440E-8CEE-0CBE9D854F4E}.Release|ARM.ActiveCfg = Release|Any CPU
		{81FFB524-5BBD-440E-8CEE-0CBE9D854F4E}.Release|ARM.Build.0 = Release|Any CPU
		{81FFB524-5BBD-440E-8CEE-0CBE9D854F4E}.Release|x64.ActiveCfg = Release|Any CPU
		{81FFB524-5BBD-440E-8CEE-0CBE9D854F4E}.Release|x64.Build.0 = Release|Any CPU
		{81FFB524-5BBD-440E-8CEE-0CBE9D854F4E}.Release|x86.ActiveCfg = Release|Any CPU
		{81FFB524-5BBD-440E-8CEE-0CBE9D854F4E}.Release|x86.Build.0 = Release|Any CPU
		{5E7C0929-87EE-445E-850D-B07EF6A85945}.Debug|Any CPU.ActiveCfg = Debug|Any CPU
		{5E7C0929-87EE-445E-850D-B07EF6A85945}.Debug|Any CPU.Build.0 = Debug|Any CPU
		{5E7C0929-87EE-445E-850D-B07EF6A85945}.Debug|ARM.ActiveCfg = Debug|Any CPU
		{5E7C0929-87EE-445E-850D-B07EF6A85945}.Debug|ARM.Build.0 = Debug|Any CPU
		{5E7C0929-87EE-445E-850D-B07EF6A85945}.Debug|x64.ActiveCfg = Debug|Any CPU
		{5E7C0929-87EE-445E-850D-B07EF6A85945}.Debug|x64.Build.0 = Debug|Any CPU
		{5E7C0929-87EE-445E-850D-B07EF6A85945}.Debug|x86.ActiveCfg = Debug|Any CPU
		{5E7C0929-87EE-445E-850D-B07EF6A85945}.Debug|x86.Build.0 = Debug|Any CPU
		{5E7C0929-87EE-445E-850D-B07EF6A85945}.Release|Any CPU.ActiveCfg = Release|Any CPU
		{5E7C0929-87EE-445E-850D-B07EF6A85945}.Release|Any CPU.Build.0 = Release|Any CPU
		{5E7C0929-87EE-445E-850D-B07EF6A85945}.Release|ARM.ActiveCfg = Release|Any CPU
		{5E7C0929-87EE-445E-850D-B07EF6A85945}.Release|ARM.Build.0 = Release|Any CPU
		{5E7C0929-87EE-445E-850D-B07EF6A85945}.Release|x64.ActiveCfg = Release|Any CPU
		{5E7C0929-87EE-445E-850D-B07EF6A85945}.Release|x64.Build.0 = Release|Any CPU
		{5E7C0929-87EE-445E-850D-B07EF6A85945}.Release|x86.ActiveCfg = Release|Any CPU
		{5E7C0929-87EE-445E-850D-B07EF6A85945}.Release|x86.Build.0 = Release|Any CPU
		{74AF6E12-F946-445E-9C0D-78E1A6C013DF}.Debug|Any CPU.ActiveCfg = Debug|Any CPU
		{74AF6E12-F946-445E-9C0D-78E1A6C013DF}.Debug|Any CPU.Build.0 = Debug|Any CPU
		{74AF6E12-F946-445E-9C0D-78E1A6C013DF}.Debug|ARM.ActiveCfg = Debug|Any CPU
		{74AF6E12-F946-445E-9C0D-78E1A6C013DF}.Debug|ARM.Build.0 = Debug|Any CPU
		{74AF6E12-F946-445E-9C0D-78E1A6C013DF}.Debug|x64.ActiveCfg = Debug|Any CPU
		{74AF6E12-F946-445E-9C0D-78E1A6C013DF}.Debug|x64.Build.0 = Debug|Any CPU
		{74AF6E12-F946-445E-9C0D-78E1A6C013DF}.Debug|x86.ActiveCfg = Debug|Any CPU
		{74AF6E12-F946-445E-9C0D-78E1A6C013DF}.Debug|x86.Build.0 = Debug|Any CPU
		{74AF6E12-F946-445E-9C0D-78E1A6C013DF}.Release|Any CPU.ActiveCfg = Release|Any CPU
		{74AF6E12-F946-445E-9C0D-78E1A6C013DF}.Release|Any CPU.Build.0 = Release|Any CPU
		{74AF6E12-F946-445E-9C0D-78E1A6C013DF}.Release|ARM.ActiveCfg = Release|Any CPU
		{74AF6E12-F946-445E-9C0D-78E1A6C013DF}.Release|ARM.Build.0 = Release|Any CPU
		{74AF6E12-F946-445E-9C0D-78E1A6C013DF}.Release|x64.ActiveCfg = Release|Any CPU
		{74AF6E12-F946-445E-9C0D-78E1A6C013DF}.Release|x64.Build.0 = Release|Any CPU
		{74AF6E12-F946-445E-9C0D-78E1A6C013DF}.Release|x86.ActiveCfg = Release|Any CPU
		{74AF6E12-F946-445E-9C0D-78E1A6C013DF}.Release|x86.Build.0 = Release|Any CPU
		{AF00C509-6361-4F78-87A4-A099B6C410C7}.Debug|Any CPU.ActiveCfg = Debug|Any CPU
		{AF00C509-6361-4F78-87A4-A099B6C410C7}.Debug|Any CPU.Build.0 = Debug|Any CPU
		{AF00C509-6361-4F78-87A4-A099B6C410C7}.Debug|ARM.ActiveCfg = Debug|Any CPU
		{AF00C509-6361-4F78-87A4-A099B6C410C7}.Debug|ARM.Build.0 = Debug|Any CPU
		{AF00C509-6361-4F78-87A4-A099B6C410C7}.Debug|x64.ActiveCfg = Debug|Any CPU
		{AF00C509-6361-4F78-87A4-A099B6C410C7}.Debug|x64.Build.0 = Debug|Any CPU
		{AF00C509-6361-4F78-87A4-A099B6C410C7}.Debug|x86.ActiveCfg = Debug|Any CPU
		{AF00C509-6361-4F78-87A4-A099B6C410C7}.Debug|x86.Build.0 = Debug|Any CPU
		{AF00C509-6361-4F78-87A4-A099B6C410C7}.Release|Any CPU.ActiveCfg = Release|Any CPU
		{AF00C509-6361-4F78-87A4-A099B6C410C7}.Release|Any CPU.Build.0 = Release|Any CPU
		{AF00C509-6361-4F78-87A4-A099B6C410C7}.Release|ARM.ActiveCfg = Release|Any CPU
		{AF00C509-6361-4F78-87A4-A099B6C410C7}.Release|ARM.Build.0 = Release|Any CPU
		{AF00C509-6361-4F78-87A4-A099B6C410C7}.Release|x64.ActiveCfg = Release|Any CPU
		{AF00C509-6361-4F78-87A4-A099B6C410C7}.Release|x64.Build.0 = Release|Any CPU
		{AF00C509-6361-4F78-87A4-A099B6C410C7}.Release|x86.ActiveCfg = Release|Any CPU
		{AF00C509-6361-4F78-87A4-A099B6C410C7}.Release|x86.Build.0 = Release|Any CPU
		{28BC943D-EF6A-4957-8DB8-A355C6C11A45}.Debug|Any CPU.ActiveCfg = Debug|Any CPU
		{28BC943D-EF6A-4957-8DB8-A355C6C11A45}.Debug|Any CPU.Build.0 = Debug|Any CPU
		{28BC943D-EF6A-4957-8DB8-A355C6C11A45}.Debug|ARM.ActiveCfg = Debug|Any CPU
		{28BC943D-EF6A-4957-8DB8-A355C6C11A45}.Debug|ARM.Build.0 = Debug|Any CPU
		{28BC943D-EF6A-4957-8DB8-A355C6C11A45}.Debug|x64.ActiveCfg = Debug|Any CPU
		{28BC943D-EF6A-4957-8DB8-A355C6C11A45}.Debug|x64.Build.0 = Debug|Any CPU
		{28BC943D-EF6A-4957-8DB8-A355C6C11A45}.Debug|x86.ActiveCfg = Debug|Any CPU
		{28BC943D-EF6A-4957-8DB8-A355C6C11A45}.Debug|x86.Build.0 = Debug|Any CPU
		{28BC943D-EF6A-4957-8DB8-A355C6C11A45}.Release|Any CPU.ActiveCfg = Release|Any CPU
		{28BC943D-EF6A-4957-8DB8-A355C6C11A45}.Release|Any CPU.Build.0 = Release|Any CPU
		{28BC943D-EF6A-4957-8DB8-A355C6C11A45}.Release|ARM.ActiveCfg = Release|Any CPU
		{28BC943D-EF6A-4957-8DB8-A355C6C11A45}.Release|ARM.Build.0 = Release|Any CPU
		{28BC943D-EF6A-4957-8DB8-A355C6C11A45}.Release|x64.ActiveCfg = Release|Any CPU
		{28BC943D-EF6A-4957-8DB8-A355C6C11A45}.Release|x64.Build.0 = Release|Any CPU
		{28BC943D-EF6A-4957-8DB8-A355C6C11A45}.Release|x86.ActiveCfg = Release|Any CPU
		{28BC943D-EF6A-4957-8DB8-A355C6C11A45}.Release|x86.Build.0 = Release|Any CPU
		{B8DB3A73-08DB-4352-B783-B68F173EAE77}.Debug|Any CPU.ActiveCfg = Debug|Any CPU
		{B8DB3A73-08DB-4352-B783-B68F173EAE77}.Debug|Any CPU.Build.0 = Debug|Any CPU
		{B8DB3A73-08DB-4352-B783-B68F173EAE77}.Debug|ARM.ActiveCfg = Debug|Any CPU
		{B8DB3A73-08DB-4352-B783-B68F173EAE77}.Debug|ARM.Build.0 = Debug|Any CPU
		{B8DB3A73-08DB-4352-B783-B68F173EAE77}.Debug|x64.ActiveCfg = Debug|Any CPU
		{B8DB3A73-08DB-4352-B783-B68F173EAE77}.Debug|x64.Build.0 = Debug|Any CPU
		{B8DB3A73-08DB-4352-B783-B68F173EAE77}.Debug|x86.ActiveCfg = Debug|Any CPU
		{B8DB3A73-08DB-4352-B783-B68F173EAE77}.Debug|x86.Build.0 = Debug|Any CPU
		{B8DB3A73-08DB-4352-B783-B68F173EAE77}.Release|Any CPU.ActiveCfg = Release|Any CPU
		{B8DB3A73-08DB-4352-B783-B68F173EAE77}.Release|Any CPU.Build.0 = Release|Any CPU
		{B8DB3A73-08DB-4352-B783-B68F173EAE77}.Release|ARM.ActiveCfg = Release|Any CPU
		{B8DB3A73-08DB-4352-B783-B68F173EAE77}.Release|ARM.Build.0 = Release|Any CPU
		{B8DB3A73-08DB-4352-B783-B68F173EAE77}.Release|x64.ActiveCfg = Release|Any CPU
		{B8DB3A73-08DB-4352-B783-B68F173EAE77}.Release|x64.Build.0 = Release|Any CPU
		{B8DB3A73-08DB-4352-B783-B68F173EAE77}.Release|x86.ActiveCfg = Release|Any CPU
		{B8DB3A73-08DB-4352-B783-B68F173EAE77}.Release|x86.Build.0 = Release|Any CPU
		{97CE773F-C44A-4749-ACAA-19F560CB3F0D}.Debug|Any CPU.ActiveCfg = Debug|Any CPU
		{97CE773F-C44A-4749-ACAA-19F560CB3F0D}.Debug|Any CPU.Build.0 = Debug|Any CPU
		{97CE773F-C44A-4749-ACAA-19F560CB3F0D}.Debug|ARM.ActiveCfg = Debug|Any CPU
		{97CE773F-C44A-4749-ACAA-19F560CB3F0D}.Debug|ARM.Build.0 = Debug|Any CPU
		{97CE773F-C44A-4749-ACAA-19F560CB3F0D}.Debug|x64.ActiveCfg = Debug|Any CPU
		{97CE773F-C44A-4749-ACAA-19F560CB3F0D}.Debug|x64.Build.0 = Debug|Any CPU
		{97CE773F-C44A-4749-ACAA-19F560CB3F0D}.Debug|x86.ActiveCfg = Debug|Any CPU
		{97CE773F-C44A-4749-ACAA-19F560CB3F0D}.Debug|x86.Build.0 = Debug|Any CPU
		{97CE773F-C44A-4749-ACAA-19F560CB3F0D}.Release|Any CPU.ActiveCfg = Release|Any CPU
		{97CE773F-C44A-4749-ACAA-19F560CB3F0D}.Release|Any CPU.Build.0 = Release|Any CPU
		{97CE773F-C44A-4749-ACAA-19F560CB3F0D}.Release|ARM.ActiveCfg = Release|Any CPU
		{97CE773F-C44A-4749-ACAA-19F560CB3F0D}.Release|ARM.Build.0 = Release|Any CPU
		{97CE773F-C44A-4749-ACAA-19F560CB3F0D}.Release|x64.ActiveCfg = Release|Any CPU
		{97CE773F-C44A-4749-ACAA-19F560CB3F0D}.Release|x64.Build.0 = Release|Any CPU
		{97CE773F-C44A-4749-ACAA-19F560CB3F0D}.Release|x86.ActiveCfg = Release|Any CPU
		{97CE773F-C44A-4749-ACAA-19F560CB3F0D}.Release|x86.Build.0 = Release|Any CPU
		{5216F88B-3834-4776-93A1-80D767B10947}.Debug|Any CPU.ActiveCfg = Debug|Any CPU
		{5216F88B-3834-4776-93A1-80D767B10947}.Debug|Any CPU.Build.0 = Debug|Any CPU
		{5216F88B-3834-4776-93A1-80D767B10947}.Debug|ARM.ActiveCfg = Debug|Any CPU
		{5216F88B-3834-4776-93A1-80D767B10947}.Debug|ARM.Build.0 = Debug|Any CPU
		{5216F88B-3834-4776-93A1-80D767B10947}.Debug|x64.ActiveCfg = Debug|Any CPU
		{5216F88B-3834-4776-93A1-80D767B10947}.Debug|x64.Build.0 = Debug|Any CPU
		{5216F88B-3834-4776-93A1-80D767B10947}.Debug|x86.ActiveCfg = Debug|Any CPU
		{5216F88B-3834-4776-93A1-80D767B10947}.Debug|x86.Build.0 = Debug|Any CPU
		{5216F88B-3834-4776-93A1-80D767B10947}.Release|Any CPU.ActiveCfg = Release|Any CPU
		{5216F88B-3834-4776-93A1-80D767B10947}.Release|Any CPU.Build.0 = Release|Any CPU
		{5216F88B-3834-4776-93A1-80D767B10947}.Release|ARM.ActiveCfg = Release|Any CPU
		{5216F88B-3834-4776-93A1-80D767B10947}.Release|ARM.Build.0 = Release|Any CPU
		{5216F88B-3834-4776-93A1-80D767B10947}.Release|x64.ActiveCfg = Release|Any CPU
		{5216F88B-3834-4776-93A1-80D767B10947}.Release|x64.Build.0 = Release|Any CPU
		{5216F88B-3834-4776-93A1-80D767B10947}.Release|x86.ActiveCfg = Release|Any CPU
		{5216F88B-3834-4776-93A1-80D767B10947}.Release|x86.Build.0 = Release|Any CPU
		{F3CA1D41-D634-40F8-972F-75FB09C64574}.Debug|Any CPU.ActiveCfg = Debug|Any CPU
		{F3CA1D41-D634-40F8-972F-75FB09C64574}.Debug|Any CPU.Build.0 = Debug|Any CPU
		{F3CA1D41-D634-40F8-972F-75FB09C64574}.Debug|ARM.ActiveCfg = Debug|Any CPU
		{F3CA1D41-D634-40F8-972F-75FB09C64574}.Debug|ARM.Build.0 = Debug|Any CPU
		{F3CA1D41-D634-40F8-972F-75FB09C64574}.Debug|x64.ActiveCfg = Debug|Any CPU
		{F3CA1D41-D634-40F8-972F-75FB09C64574}.Debug|x64.Build.0 = Debug|Any CPU
		{F3CA1D41-D634-40F8-972F-75FB09C64574}.Debug|x86.ActiveCfg = Debug|Any CPU
		{F3CA1D41-D634-40F8-972F-75FB09C64574}.Debug|x86.Build.0 = Debug|Any CPU
		{F3CA1D41-D634-40F8-972F-75FB09C64574}.Release|Any CPU.ActiveCfg = Release|Any CPU
		{F3CA1D41-D634-40F8-972F-75FB09C64574}.Release|Any CPU.Build.0 = Release|Any CPU
		{F3CA1D41-D634-40F8-972F-75FB09C64574}.Release|ARM.ActiveCfg = Release|Any CPU
		{F3CA1D41-D634-40F8-972F-75FB09C64574}.Release|ARM.Build.0 = Release|Any CPU
		{F3CA1D41-D634-40F8-972F-75FB09C64574}.Release|x64.ActiveCfg = Release|Any CPU
		{F3CA1D41-D634-40F8-972F-75FB09C64574}.Release|x64.Build.0 = Release|Any CPU
		{F3CA1D41-D634-40F8-972F-75FB09C64574}.Release|x86.ActiveCfg = Release|Any CPU
		{F3CA1D41-D634-40F8-972F-75FB09C64574}.Release|x86.Build.0 = Release|Any CPU
		{7E56EBD2-76D2-45B1-B75C-73FC48D84FC9}.Debug|Any CPU.ActiveCfg = Debug|Any CPU
		{7E56EBD2-76D2-45B1-B75C-73FC48D84FC9}.Debug|Any CPU.Build.0 = Debug|Any CPU
		{7E56EBD2-76D2-45B1-B75C-73FC48D84FC9}.Debug|ARM.ActiveCfg = Debug|Any CPU
		{7E56EBD2-76D2-45B1-B75C-73FC48D84FC9}.Debug|ARM.Build.0 = Debug|Any CPU
		{7E56EBD2-76D2-45B1-B75C-73FC48D84FC9}.Debug|x64.ActiveCfg = Debug|Any CPU
		{7E56EBD2-76D2-45B1-B75C-73FC48D84FC9}.Debug|x64.Build.0 = Debug|Any CPU
		{7E56EBD2-76D2-45B1-B75C-73FC48D84FC9}.Debug|x86.ActiveCfg = Debug|Any CPU
		{7E56EBD2-76D2-45B1-B75C-73FC48D84FC9}.Debug|x86.Build.0 = Debug|Any CPU
		{7E56EBD2-76D2-45B1-B75C-73FC48D84FC9}.Release|Any CPU.ActiveCfg = Release|Any CPU
		{7E56EBD2-76D2-45B1-B75C-73FC48D84FC9}.Release|Any CPU.Build.0 = Release|Any CPU
		{7E56EBD2-76D2-45B1-B75C-73FC48D84FC9}.Release|ARM.ActiveCfg = Release|Any CPU
		{7E56EBD2-76D2-45B1-B75C-73FC48D84FC9}.Release|ARM.Build.0 = Release|Any CPU
		{7E56EBD2-76D2-45B1-B75C-73FC48D84FC9}.Release|x64.ActiveCfg = Release|Any CPU
		{7E56EBD2-76D2-45B1-B75C-73FC48D84FC9}.Release|x64.Build.0 = Release|Any CPU
		{7E56EBD2-76D2-45B1-B75C-73FC48D84FC9}.Release|x86.ActiveCfg = Release|Any CPU
		{7E56EBD2-76D2-45B1-B75C-73FC48D84FC9}.Release|x86.Build.0 = Release|Any CPU
	EndGlobalSection
	GlobalSection(SolutionProperties) = preSolution
		HideSolutionNode = FALSE
	EndGlobalSection
	GlobalSection(ExtensibilityGlobals) = postSolution
		SolutionGuid = {5D735750-2902-4DF2-9DB4-92A74946CB87}
	EndGlobalSection
EndGlobal
